
Microsoft Visual Studio Solution File, Format Version 12.00
# Visual Studio Version 17
VisualStudioVersion = 17.13.35825.156 d17.13
MinimumVisualStudioVersion = 10.0.40219.1
Project("{FAE04EC0-301F-11D3-BF4B-00C04F79EFBC}") = "DruzynaPilkawpf", "DruzynaPilkawpf.csproj", "{FEF68471-BB51-747E-31E3-AE276438EA9C}"
EndProject
Project("{FAE04EC0-301F-11D3-BF4B-00C04F79EFBC}") = "DruzynaPilka", "..\DP\DruzynaPilka.csproj", "{A4B40C28-F7B2-3392-B87E-93FCBFDCA2F7}"
EndProject
Project("{FAE04EC0-301F-11D3-BF4B-00C04F79EFBC}") = "DruzynaPilka.Tests", "..\DruzynaPilka.Tests\DruzynaPilka.Tests.csproj", "{0C34B22A-0C22-4346-BF70-FCC532294385}"
EndProject
Global
	GlobalSection(SolutionConfigurationPlatforms) = preSolution
		Debug|Any CPU = Debug|Any CPU
		Release|Any CPU = Release|Any CPU
	EndGlobalSection
	GlobalSection(ProjectConfigurationPlatforms) = postSolution
		{FEF68471-BB51-747E-31E3-AE276438EA9C}.Debug|Any CPU.ActiveCfg = Debug|Any CPU
		{FEF68471-BB51-747E-31E3-AE276438EA9C}.Debug|Any CPU.Build.0 = Debug|Any CPU
		{FEF68471-BB51-747E-31E3-AE276438EA9C}.Release|Any CPU.ActiveCfg = Release|Any CPU
		{FEF68471-BB51-747E-31E3-AE276438EA9C}.Release|Any CPU.Build.0 = Release|Any CPU
		{A4B40C28-F7B2-3392-B87E-93FCBFDCA2F7}.Debug|Any CPU.ActiveCfg = Debug|Any CPU
		{A4B40C28-F7B2-3392-B87E-93FCBFDCA2F7}.Debug|Any CPU.Build.0 = Debug|Any CPU
		{A4B40C28-F7B2-3392-B87E-93FCBFDCA2F7}.Release|Any CPU.ActiveCfg = Release|Any CPU
		{A4B40C28-F7B2-3392-B87E-93FCBFDCA2F7}.Release|Any CPU.Build.0 = Release|Any CPU
		{0C34B22A-0C22-4346-BF70-FCC532294385}.Debug|Any CPU.ActiveCfg = Debug|Any CPU
		{0C34B22A-0C22-4346-BF70-FCC532294385}.Debug|Any CPU.Build.0 = Debug|Any CPU
		{0C34B22A-0C22-4346-BF70-FCC532294385}.Release|Any CPU.ActiveCfg = Release|Any CPU
		{0C34B22A-0C22-4346-BF70-FCC532294385}.Release|Any CPU.Build.0 = Release|Any CPU
	EndGlobalSection
	GlobalSection(SolutionProperties) = preSolution
		HideSolutionNode = FALSE
	EndGlobalSection
	GlobalSection(ExtensibilityGlobals) = postSolution
		SolutionGuid = {4173380B-FCED-47DB-98B6-000EC25ECEBB}
	EndGlobalSection
EndGlobal
